// !$*UTF8*$!
{
	archiveVersion = 1;
	classes = {
	};
	objectVersion = 46;
	objects = {

/* Begin PBXBuildFile section */
		832A05191F2C17C100189151 /* CMKView+Mouse.swift in Sources */ = {isa = PBXBuildFile; fileRef = 832A05181F2C17C100189151 /* CMKView+Mouse.swift */; };
		832A051B1F2C180D00189151 /* CMKBresenham.swift in Sources */ = {isa = PBXBuildFile; fileRef = 832A051A1F2C180D00189151 /* CMKBresenham.swift */; };
		DB224C941E7C2772001A1AEE /* NSPoint.swift in Sources */ = {isa = PBXBuildFile; fileRef = DB224C931E7C2772001A1AEE /* NSPoint.swift */; };
		DB224C961E7C2EEA001A1AEE /* CMKView.swift in Sources */ = {isa = PBXBuildFile; fileRef = DB224C951E7C2EEA001A1AEE /* CMKView.swift */; };
		DBF4FB9C1E7D578D005C3C37 /* Int.swift in Sources */ = {isa = PBXBuildFile; fileRef = DBF4FB9B1E7D578C005C3C37 /* Int.swift */; };
		DBFC828C1E7C016D00A86F74 /* AppDelegate.swift in Sources */ = {isa = PBXBuildFile; fileRef = DBFC828B1E7C016D00A86F74 /* AppDelegate.swift */; };
		DBFC828E1E7C016D00A86F74 /* CMKViewController.swift in Sources */ = {isa = PBXBuildFile; fileRef = DBFC828D1E7C016D00A86F74 /* CMKViewController.swift */; };
		DBFC82901E7C016D00A86F74 /* Assets.xcassets in Resources */ = {isa = PBXBuildFile; fileRef = DBFC828F1E7C016D00A86F74 /* Assets.xcassets */; };
		DBFC82931E7C016D00A86F74 /* Main.storyboard in Resources */ = {isa = PBXBuildFile; fileRef = DBFC82911E7C016D00A86F74 /* Main.storyboard */; };
		DBFC829B1E7C03E400A86F74 /* CMKWindowController.swift in Sources */ = {isa = PBXBuildFile; fileRef = DBFC829A1E7C03E400A86F74 /* CMKWindowController.swift */; };
		DBFC829D1E7C048300A86F74 /* CMKWindow.swift in Sources */ = {isa = PBXBuildFile; fileRef = DBFC829C1E7C048300A86F74 /* CMKWindow.swift */; };
		DBFC82A01E7C068A00A86F74 /* ConsolePrint.swift in Sources */ = {isa = PBXBuildFile; fileRef = DBFC829F1E7C068A00A86F74 /* ConsolePrint.swift */; };
		DBFC82A21E7C0AEC00A86F74 /* CMKMouseTrackDelegate.swift in Sources */ = {isa = PBXBuildFile; fileRef = DBFC82A11E7C0AEC00A86F74 /* CMKMouseTrackDelegate.swift */; };
/* End PBXBuildFile section */

/* Begin PBXFileReference section */
		832A05181F2C17C100189151 /* CMKView+Mouse.swift */ = {isa = PBXFileReference; lastKnownFileType = sourcecode.swift; path = "CMKView+Mouse.swift"; sourceTree = "<group>"; };
		832A051A1F2C180D00189151 /* CMKBresenham.swift */ = {isa = PBXFileReference; lastKnownFileType = sourcecode.swift; path = CMKBresenham.swift; sourceTree = "<group>"; };
		DB224C931E7C2772001A1AEE /* NSPoint.swift */ = {isa = PBXFileReference; fileEncoding = 4; lastKnownFileType = sourcecode.swift; path = NSPoint.swift; sourceTree = "<group>"; };
		DB224C951E7C2EEA001A1AEE /* CMKView.swift */ = {isa = PBXFileReference; fileEncoding = 4; lastKnownFileType = sourcecode.swift; path = CMKView.swift; sourceTree = "<group>"; };
		DBF4FB9B1E7D578C005C3C37 /* Int.swift */ = {isa = PBXFileReference; fileEncoding = 4; lastKnownFileType = sourcecode.swift; path = Int.swift; sourceTree = "<group>"; };
		DBFC82881E7C016D00A86F74 /* Bresenham-Line.app */ = {isa = PBXFileReference; explicitFileType = wrapper.application; includeInIndex = 0; path = "Bresenham-Line.app"; sourceTree = BUILT_PRODUCTS_DIR; };
		DBFC828B1E7C016D00A86F74 /* AppDelegate.swift */ = {isa = PBXFileReference; lastKnownFileType = sourcecode.swift; path = AppDelegate.swift; sourceTree = "<group>"; };
		DBFC828D1E7C016D00A86F74 /* CMKViewController.swift */ = {isa = PBXFileReference; lastKnownFileType = sourcecode.swift; path = CMKViewController.swift; sourceTree = "<group>"; };
		DBFC828F1E7C016D00A86F74 /* Assets.xcassets */ = {isa = PBXFileReference; lastKnownFileType = folder.assetcatalog; path = Assets.xcassets; sourceTree = "<group>"; };
		DBFC82921E7C016D00A86F74 /* Base */ = {isa = PBXFileReference; lastKnownFileType = file.storyboard; name = Base; path = Base.lproj/Main.storyboard; sourceTree = "<group>"; };
		DBFC82941E7C016D00A86F74 /* Info.plist */ = {isa = PBXFileReference; lastKnownFileType = text.plist.xml; path = Info.plist; sourceTree = "<group>"; };
		DBFC829A1E7C03E400A86F74 /* CMKWindowController.swift */ = {isa = PBXFileReference; fileEncoding = 4; lastKnownFileType = sourcecode.swift; path = CMKWindowController.swift; sourceTree = "<group>"; };
		DBFC829C1E7C048300A86F74 /* CMKWindow.swift */ = {isa = PBXFileReference; fileEncoding = 4; lastKnownFileType = sourcecode.swift; path = CMKWindow.swift; sourceTree = "<group>"; };
		DBFC829F1E7C068A00A86F74 /* ConsolePrint.swift */ = {isa = PBXFileReference; fileEncoding = 4; lastKnownFileType = sourcecode.swift; path = ConsolePrint.swift; sourceTree = "<group>"; };
		DBFC82A11E7C0AEC00A86F74 /* CMKMouseTrackDelegate.swift */ = {isa = PBXFileReference; fileEncoding = 4; lastKnownFileType = sourcecode.swift; path = CMKMouseTrackDelegate.swift; sourceTree = "<group>"; };
/* End PBXFileReference section */

/* Begin PBXFrameworksBuildPhase section */
		DBFC82851E7C016D00A86F74 /* Frameworks */ = {
			isa = PBXFrameworksBuildPhase;
			buildActionMask = 2147483647;
			files = (
			);
			runOnlyForDeploymentPostprocessing = 0;
		};
/* End PBXFrameworksBuildPhase section */

/* Begin PBXGroup section */
		DBFC827F1E7C016D00A86F74 = {
			isa = PBXGroup;
			children = (
				DBFC828A1E7C016D00A86F74 /* Bresenham-Line */,
				DBFC82891E7C016D00A86F74 /* Products */,
			);
			sourceTree = "<group>";
		};
		DBFC82891E7C016D00A86F74 /* Products */ = {
			isa = PBXGroup;
			children = (
				DBFC82881E7C016D00A86F74 /* Bresenham-Line.app */,
			);
			name = Products;
			sourceTree = "<group>";
		};
		DBFC828A1E7C016D00A86F74 /* Bresenham-Line */ = {
			isa = PBXGroup;
			children = (
				DBFC82911E7C016D00A86F74 /* Main.storyboard */,
				DBFC82A11E7C0AEC00A86F74 /* CMKMouseTrackDelegate.swift */,
				DBFC829A1E7C03E400A86F74 /* CMKWindowController.swift */,
				DBFC829C1E7C048300A86F74 /* CMKWindow.swift */,
				DBFC828D1E7C016D00A86F74 /* CMKViewController.swift */,
				DB224C951E7C2EEA001A1AEE /* CMKView.swift */,
				832A051A1F2C180D00189151 /* CMKBresenham.swift */,
				832A05181F2C17C100189151 /* CMKView+Mouse.swift */,
				DBFC829E1E7C04EC00A86F74 /* Supporting Files */,
			);
			path = "Bresenham-Line";
			sourceTree = "<group>";
		};
		DBFC829E1E7C04EC00A86F74 /* Supporting Files */ = {
			isa = PBXGroup;
			children = (
				DBFC828B1E7C016D00A86F74 /* AppDelegate.swift */,
				DBFC829F1E7C068A00A86F74 /* ConsolePrint.swift */,
				DB224C931E7C2772001A1AEE /* NSPoint.swift */,
				DBF4FB9B1E7D578C005C3C37 /* Int.swift */,
				DBFC828F1E7C016D00A86F74 /* Assets.xcassets */,
				DBFC82941E7C016D00A86F74 /* Info.plist */,
			);
			name = "Supporting Files";
			sourceTree = "<group>";
		};
/* End PBXGroup section */

/* Begin PBXNativeTarget section */
		DBFC82871E7C016D00A86F74 /* Bresenham-Line */ = {
			isa = PBXNativeTarget;
			buildConfigurationList = DBFC82971E7C016D00A86F74 /* Build configuration list for PBXNativeTarget "Bresenham-Line" */;
			buildPhases = (
				DBFC82841E7C016D00A86F74 /* Sources */,
				DBFC82851E7C016D00A86F74 /* Frameworks */,
				DBFC82861E7C016D00A86F74 /* Resources */,
			);
			buildRules = (
			);
			dependencies = (
			);
			name = "Bresenham-Line";
			productName = "Bresenham-Line";
			productReference = DBFC82881E7C016D00A86F74 /* Bresenham-Line.app */;
			productType = "com.apple.product-type.application";
		};
/* End PBXNativeTarget section */

/* Begin PBXProject section */
		DBFC82801E7C016D00A86F74 /* Project object */ = {
			isa = PBXProject;
			attributes = {
				LastSwiftUpdateCheck = 0820;
				LastUpgradeCheck = 0820;
				ORGANIZATIONNAME = "Cirno MainasuK";
				TargetAttributes = {
					DBFC82871E7C016D00A86F74 = {
						CreatedOnToolsVersion = 8.2.1;
						ProvisioningStyle = Automatic;
					};
				};
			};
			buildConfigurationList = DBFC82831E7C016D00A86F74 /* Build configuration list for PBXProject "Bresenham-Line" */;
			compatibilityVersion = "Xcode 3.2";
			developmentRegion = English;
			hasScannedForEncodings = 0;
			knownRegions = (
				en,
				Base,
			);
			mainGroup = DBFC827F1E7C016D00A86F74;
			productRefGroup = DBFC82891E7C016D00A86F74 /* Products */;
			projectDirPath = "";
			projectRoot = "";
			targets = (
				DBFC82871E7C016D00A86F74 /* Bresenham-Line */,
			);
		};
/* End PBXProject section */

/* Begin PBXResourcesBuildPhase section */
		DBFC82861E7C016D00A86F74 /* Resources */ = {
			isa = PBXResourcesBuildPhase;
			buildActionMask = 2147483647;
			files = (
				DBFC82901E7C016D00A86F74 /* Assets.xcassets in Resources */,
				DBFC82931E7C016D00A86F74 /* Main.storyboard in Resources */,
			);
			runOnlyForDeploymentPostprocessing = 0;
		};
/* End PBXResourcesBuildPhase section */

/* Begin PBXSourcesBuildPhase section */
		DBFC82841E7C016D00A86F74 /* Sources */ = {
			isa = PBXSourcesBuildPhase;
			buildActionMask = 2147483647;
			files = (
				DBFC82A21E7C0AEC00A86F74 /* CMKMouseTrackDelegate.swift in Sources */,
				DBFC82A01E7C068A00A86F74 /* ConsolePrint.swift in Sources */,
				DBFC828E1E7C016D00A86F74 /* CMKViewController.swift in Sources */,
				DB224C941E7C2772001A1AEE /* NSPoint.swift in Sources */,
				DBFC829D1E7C048300A86F74 /* CMKWindow.swift in Sources */,
				832A05191F2C17C100189151 /* CMKView+Mouse.swift in Sources */,
				832A051B1F2C180D00189151 /* CMKBresenham.swift in Sources */,
				DBFC829B1E7C03E400A86F74 /* CMKWindowController.swift in Sources */,
				DBF4FB9C1E7D578D005C3C37 /* Int.swift in Sources */,
				DB224C961E7C2EEA001A1AEE /* CMKView.swift in Sources */,
				DBFC828C1E7C016D00A86F74 /* AppDelegate.swift in Sources */,
			);
			runOnlyForDeploymentPostprocessing = 0;
		};
/* End PBXSourcesBuildPhase section */

/* Begin PBXVariantGroup section */
		DBFC82911E7C016D00A86F74 /* Main.storyboard */ = {
			isa = PBXVariantGroup;
			children = (
				DBFC82921E7C016D00A86F74 /* Base */,
			);
			name = Main.storyboard;
			sourceTree = "<group>";
		};
/* End PBXVariantGroup section */

/* Begin XCBuildConfiguration section */
		DBFC82951E7C016D00A86F74 /* Debug */ = {
			isa = XCBuildConfiguration;
			buildSettings = {
				ALWAYS_SEARCH_USER_PATHS = NO;
				CLANG_ANALYZER_NONNULL = YES;
				CLANG_CXX_LANGUAGE_STANDARD = "gnu++0x";
				CLANG_CXX_LIBRARY = "libc++";
				CLANG_ENABLE_MODULES = YES;
				CLANG_ENABLE_OBJC_ARC = YES;
				CLANG_WARN_BOOL_CONVERSION = YES;
				CLANG_WARN_CONSTANT_CONVERSION = YES;
				CLANG_WARN_DIRECT_OBJC_ISA_USAGE = YES_ERROR;
				CLANG_WARN_DOCUMENTATION_COMMENTS = YES;
				CLANG_WARN_EMPTY_BODY = YES;
				CLANG_WARN_ENUM_CONVERSION = YES;
				CLANG_WARN_INFINITE_RECURSION = YES;
				CLANG_WARN_INT_CONVERSION = YES;
				CLANG_WARN_OBJC_ROOT_CLASS = YES_ERROR;
				CLANG_WARN_SUSPICIOUS_MOVE = YES;
				CLANG_WARN_UNREACHABLE_CODE = YES;
				CLANG_WARN__DUPLICATE_METHOD_MATCH = YES;
				COPY_PHASE_STRIP = NO;
				DEBUG_INFORMATION_FORMAT = dwarf;
				ENABLE_STRICT_OBJC_MSGSEND = YES;
				ENABLE_TESTABILITY = YES;
				GCC_C_LANGUAGE_STANDARD = gnu99;
				GCC_DYNAMIC_NO_PIC = NO;
				GCC_NO_COMMON_BLOCKS = YES;
				GCC_PREPROCESSOR_DEFINITIONS = (
					"DEBUG=1",
					"$(inherited)",
				);
				GCC_WARN_64_TO_32_BIT_CONVERSION = YES;
				GCC_WARN_ABOUT_RETURN_TYPE = YES_ERROR;
				GCC_WARN_UNDECLARED_SELECTOR = YES;
				GCC_WARN_UNINITIALIZED_AUTOS = YES_AGGRESSIVE;
				GCC_WARN_UNUSED_FUNCTION = YES;
				GCC_WARN_UNUSED_VARIABLE = YES;
				MACOSX_DEPLOYMENT_TARGET = 10.11;
				MTL_ENABLE_DEBUG_INFO = YES;
				ONLY_ACTIVE_ARCH = YES;
				SDKROOT = macosx;
				SWIFT_ACTIVE_COMPILATION_CONDITIONS = DEBUG;
				SWIFT_OPTIMIZATION_LEVEL = "-Onone";
			};
			name = Debug;
		};
		DBFC82961E7C016D00A86F74 /* Release */ = {
			isa = XCBuildConfiguration;
			buildSettings = {
				ALWAYS_SEARCH_USER_PATHS = NO;
				CLANG_ANALYZER_NONNULL = YES;
				CLANG_CXX_LANGUAGE_STANDARD = "gnu++0x";
				CLANG_CXX_LIBRARY = "libc++";
				CLANG_ENABLE_MODULES = YES;
				CLANG_ENABLE_OBJC_ARC = YES;
				CLANG_WARN_BOOL_CONVERSION = YES;
				CLANG_WARN_CONSTANT_CONVERSION = YES;
				CLANG_WARN_DIRECT_OBJC_ISA_USAGE = YES_ERROR;
				CLANG_WARN_DOCUMENTATION_COMMENTS = YES;
				CLANG_WARN_EMPTY_BODY = YES;
				CLANG_WARN_ENUM_CONVERSION = YES;
				CLANG_WARN_INFINITE_RECURSION = YES;
				CLANG_WARN_INT_CONVERSION = YES;
				CLANG_WARN_OBJC_ROOT_CLASS = YES_ERROR;
				CLANG_WARN_SUSPICIOUS_MOVE = YES;
				CLANG_WARN_UNREACHABLE_CODE = YES;
				CLANG_WARN__DUPLICATE_METHOD_MATCH = YES;
				COPY_PHASE_STRIP = NO;
				DEBUG_INFORMATION_FORMAT = "dwarf-with-dsym";
				ENABLE_NS_ASSERTIONS = NO;
				ENABLE_STRICT_OBJC_MSGSEND = YES;
				GCC_C_LANGUAGE_STANDARD = gnu99;
				GCC_NO_COMMON_BLOCKS = YES;
				GCC_WARN_64_TO_32_BIT_CONVERSION = YES;
				GCC_WARN_ABOUT_RETURN_TYPE = YES_ERROR;
				GCC_WARN_UNDECLARED_SELECTOR = YES;
				GCC_WARN_UNINITIALIZED_AUTOS = YES_AGGRESSIVE;
				GCC_WARN_UNUSED_FUNCTION = YES;
				GCC_WARN_UNUSED_VARIABLE = YES;
				MACOSX_DEPLOYMENT_TARGET = 10.11;
				MTL_ENABLE_DEBUG_INFO = NO;
				SDKROOT = macosx;
				SWIFT_OPTIMIZATION_LEVEL = "-Owholemodule";
			};
			name = Release;
		};
		DBFC82981E7C016D00A86F74 /* Debug */ = {
			isa = XCBuildConfiguration;
			buildSettings = {
				ASSETCATALOG_COMPILER_APPICON_NAME = AppIcon;
				COMBINE_HIDPI_IMAGES = YES;
				INFOPLIST_FILE = "Bresenham-Line/Info.plist";
				LD_RUNPATH_SEARCH_PATHS = "$(inherited) @executable_path/../Frameworks";
				PRODUCT_BUNDLE_IDENTIFIER = "com.mainasuk.Bresenham-Line";
				PRODUCT_NAME = "$(TARGET_NAME)";
				SWIFT_VERSION = 3.0;
			};
			name = Debug;
		};
		DBFC82991E7C016D00A86F74 /* Release */ = {
			isa = XCBuildConfiguration;
			buildSettings = {
				ASSETCATALOG_COMPILER_APPICON_NAME = AppIcon;
				COMBINE_HIDPI_IMAGES = YES;
				INFOPLIST_FILE = "Bresenham-Line/Info.plist";
				LD_RUNPATH_SEARCH_PATHS = "$(inherited) @executable_path/../Frameworks";
				PRODUCT_BUNDLE_IDENTIFIER = "com.mainasuk.Bresenham-Line";
				PRODUCT_NAME = "$(TARGET_NAME)";
				SWIFT_VERSION = 3.0;
			};
			name = Release;
		};
/* End XCBuildConfiguration section */

/* Begin XCConfigurationList section */
		DBFC82831E7C016D00A86F74 /* Build configuration list for PBXProject "Bresenham-Line" */ = {
			isa = XCConfigurationList;
			buildConfigurations = (
				DBFC82951E7C016D00A86F74 /* Debug */,
				DBFC82961E7C016D00A86F74 /* Release */,
			);
			defaultConfigurationIsVisible = 0;
			defaultConfigurationName = Release;
		};
		DBFC82971E7C016D00A86F74 /* Build configuration list for PBXNativeTarget "Bresenham-Line" */ = {
			isa = XCConfigurationList;
			buildConfigurations = (
				DBFC82981E7C016D00A86F74 /* Debug */,
				DBFC82991E7C016D00A86F74 /* Release */,
			);
			defaultConfigurationIsVisible = 0;
			defaultConfigurationName = Release;
		};
/* End XCConfigurationList section */
	};
	rootObject = DBFC82801E7C016D00A86F74 /* Project object */;
}
